
Microsoft Visual Studio Solution File, Format Version 12.00
# Visual Studio Version 17
VisualStudioVersion = 17.7.34221.43
MinimumVisualStudioVersion = 10.0.40219.1
Project("{FAE04EC0-301F-11D3-BF4B-00C04F79EFBC}") = "photoviewmvc", "photoviewmvc\photoviewmvc.csproj", "{F6DCD0C2-1DA3-4160-8105-2EAE89C62BF3}"
EndProject
Global
	GlobalSection(SolutionConfigurationPlatforms) = preSolution
		Debug|Any CPU = Debug|Any CPU
		Release|Any CPU = Release|Any CPU
	EndGlobalSection
	GlobalSection(ProjectConfigurationPlatforms) = postSolution
		{F6DCD0C2-1DA3-4160-8105-2EAE89C62BF3}.Debug|Any CPU.ActiveCfg = Debug|Any CPU
		{F6DCD0C2-1DA3-4160-8105-2EAE89C62BF3}.Debug|Any CPU.Build.0 = Debug|Any CPU
		{F6DCD0C2-1DA3-4160-8105-2EAE89C62BF3}.Release|Any CPU.ActiveCfg = Release|Any CPU
		{F6DCD0C2-1DA3-4160-8105-2EAE89C62BF3}.Release|Any CPU.Build.0 = Release|Any CPU
	EndGlobalSection
	GlobalSection(SolutionProperties) = preSolution
		HideSolutionNode = FALSE
	EndGlobalSection
	GlobalSection(ExtensibilityGlobals) = postSolution
		SolutionGuid = {915946B7-98CE-416D-9269-98A4CDC61E64}
	EndGlobalSection
EndGlobal
